
Microsoft Visual Studio Solution File, Format Version 12.00
# Visual Studio 2013
VisualStudioVersion = 12.0.40629.0
MinimumVisualStudioVersion = 10.0.40219.1
Project("{8BC9CEB8-8B4A-11D0-8D11-00A0C91BC942}") = "InteriorBallisticAnalysis", "Code\InteriorBallisticAnalysis.vcxproj", "{C2D7D4F1-FD16-3CB6-A43D-EBC7F20544DC}"
EndProject
Global
	GlobalSection(SolutionConfigurationPlatforms) = preSolution
		Debug|x64 = Debug|x64
		Release|x64 = Release|x64
	EndGlobalSection
	GlobalSection(ProjectConfigurationPlatforms) = postSolution
		{C2D7D4F1-FD16-3CB6-A43D-EBC7F20544DC}.Debug|x64.ActiveCfg = Debug|x64
		{C2D7D4F1-FD16-3CB6-A43D-EBC7F20544DC}.Debug|x64.Build.0 = Debug|x64
		{C2D7D4F1-FD16-3CB6-A43D-EBC7F20544DC}.Release|x64.ActiveCfg = Release|x64
		{C2D7D4F1-FD16-3CB6-A43D-EBC7F20544DC}.Release|x64.Build.0 = Release|x64
	EndGlobalSection
	GlobalSection(SolutionProperties) = preSolution
		HideSolutionNode = FALSE
	EndGlobalSection
EndGlobal
